
Microsoft Visual Studio Solution File, Format Version 12.00
# Visual Studio Version 17
VisualStudioVersion = 17.4.33205.214
MinimumVisualStudioVersion = 10.0.40219.1
Project("{8BC9CEB8-8B4A-11D0-8D11-00A0C91BC942}") = "Skyhawk", "FM\FM.vcxproj", "{30A7F19A-ED9B-4E78-99E7-C40FB579973A}"
EndProject
Project("{8BC9CEB8-8B4A-11D0-8D11-00A0C91BC942}") = "UnitTests", "UnitTests\UnitTests.vcxproj", "{747C568E-44FD-4351-87DC-9D4AB5FC2877}"
EndProject
Project("{8BC9CEB8-8B4A-11D0-8D11-00A0C91BC942}") = "Generate_Control_Headers", "Generate_Control_Headers\Generate_Control_Headers.vcxproj", "{F6EFF4C6-EF0E-4E02-AA48-542AF3B24541}"
	ProjectSection(ProjectDependencies) = postProject
		{30A7F19A-ED9B-4E78-99E7-C40FB579973A} = {30A7F19A-ED9B-4E78-99E7-C40FB579973A}
	EndProjectSection
EndProject
Project("{8BC9CEB8-8B4A-11D0-8D11-00A0C91BC942}") = "Avionics", "Avionics\Avionics.vcxproj", "{06B17028-F107-4159-B99E-DB914DC31349}"
	ProjectSection(ProjectDependencies) = postProject
		{30A7F19A-ED9B-4E78-99E7-C40FB579973A} = {30A7F19A-ED9B-4E78-99E7-C40FB579973A}
		{7F66837A-3365-48EC-B937-67D8597B0102} = {7F66837A-3365-48EC-B937-67D8597B0102}
	EndProjectSection
EndProject
Project("{8BC9CEB8-8B4A-11D0-8D11-00A0C91BC942}") = "AvionicsUtils", "Avionics\AvionicsUtils\AvionicsUtils.vcxproj", "{7F66837A-3365-48EC-B937-67D8597B0102}"
EndProject
Project("{8BC9CEB8-8B4A-11D0-8D11-00A0C91BC942}") = "FM_Verify", "FM_Verify\FM_Verify.vcxproj", "{5F85E790-57BE-4084-A4C4-E26BE3B29469}"
	ProjectSection(ProjectDependencies) = postProject
		{30A7F19A-ED9B-4E78-99E7-C40FB579973A} = {30A7F19A-ED9B-4E78-99E7-C40FB579973A}
	EndProjectSection
EndProject
Global
	GlobalSection(SolutionConfigurationPlatforms) = preSolution
		Debug|Win32 = Debug|Win32
		Debug|x64 = Debug|x64
		Release|Win32 = Release|Win32
		Release|x64 = Release|x64
	EndGlobalSection
	GlobalSection(ProjectConfigurationPlatforms) = postSolution
		{30A7F19A-ED9B-4E78-99E7-C40FB579973A}.Debug|Win32.ActiveCfg = Debug|Win32
		{30A7F19A-ED9B-4E78-99E7-C40FB579973A}.Debug|Win32.Build.0 = Debug|Win32
		{30A7F19A-ED9B-4E78-99E7-C40FB579973A}.Debug|x64.ActiveCfg = Debug|x64
		{30A7F19A-ED9B-4E78-99E7-C40FB579973A}.Debug|x64.Build.0 = Debug|x64
		{30A7F19A-ED9B-4E78-99E7-C40FB579973A}.Release|Win32.ActiveCfg = Release|Win32
		{30A7F19A-ED9B-4E78-99E7-C40FB579973A}.Release|Win32.Build.0 = Release|Win32
		{30A7F19A-ED9B-4E78-99E7-C40FB579973A}.Release|x64.ActiveCfg = Release|x64
		{30A7F19A-ED9B-4E78-99E7-C40FB579973A}.Release|x64.Build.0 = Release|x64
		{747C568E-44FD-4351-87DC-9D4AB5FC2877}.Debug|Win32.ActiveCfg = Debug|Win32
		{747C568E-44FD-4351-87DC-9D4AB5FC2877}.Debug|Win32.Build.0 = Debug|Win32
		{747C568E-44FD-4351-87DC-9D4AB5FC2877}.Debug|x64.ActiveCfg = Debug|x64
		{747C568E-44FD-4351-87DC-9D4AB5FC2877}.Debug|x64.Build.0 = Debug|x64
		{747C568E-44FD-4351-87DC-9D4AB5FC2877}.Release|Win32.ActiveCfg = Release|Win32
		{747C568E-44FD-4351-87DC-9D4AB5FC2877}.Release|Win32.Build.0 = Release|Win32
		{747C568E-44FD-4351-87DC-9D4AB5FC2877}.Release|x64.ActiveCfg = Release|x64
		{747C568E-44FD-4351-87DC-9D4AB5FC2877}.Release|x64.Build.0 = Release|x64
		{F6EFF4C6-EF0E-4E02-AA48-542AF3B24541}.Debug|Win32.ActiveCfg = Debug|Win32
		{F6EFF4C6-EF0E-4E02-AA48-542AF3B24541}.Debug|Win32.Build.0 = Debug|Win32
		{F6EFF4C6-EF0E-4E02-AA48-542AF3B24541}.Debug|x64.ActiveCfg = Debug|x64
		{F6EFF4C6-EF0E-4E02-AA48-542AF3B24541}.Debug|x64.Build.0 = Debug|x64
		{F6EFF4C6-EF0E-4E02-AA48-542AF3B24541}.Release|Win32.ActiveCfg = Release|Win32
		{F6EFF4C6-EF0E-4E02-AA48-542AF3B24541}.Release|Win32.Build.0 = Release|Win32
		{F6EFF4C6-EF0E-4E02-AA48-542AF3B24541}.Release|x64.ActiveCfg = Release|x64
		{F6EFF4C6-EF0E-4E02-AA48-542AF3B24541}.Release|x64.Build.0 = Release|x64
		{06B17028-F107-4159-B99E-DB914DC31349}.Debug|Win32.ActiveCfg = Debug|Win32
		{06B17028-F107-4159-B99E-DB914DC31349}.Debug|Win32.Build.0 = Debug|Win32
		{06B17028-F107-4159-B99E-DB914DC31349}.Debug|x64.ActiveCfg = Debug|x64
		{06B17028-F107-4159-B99E-DB914DC31349}.Debug|x64.Build.0 = Debug|x64
		{06B17028-F107-4159-B99E-DB914DC31349}.Release|Win32.ActiveCfg = Release|Win32
		{06B17028-F107-4159-B99E-DB914DC31349}.Release|Win32.Build.0 = Release|Win32
		{06B17028-F107-4159-B99E-DB914DC31349}.Release|x64.ActiveCfg = Release|x64
		{06B17028-F107-4159-B99E-DB914DC31349}.Release|x64.Build.0 = Release|x64
		{7F66837A-3365-48EC-B937-67D8597B0102}.Debug|Win32.ActiveCfg = Debug|Win32
		{7F66837A-3365-48EC-B937-67D8597B0102}.Debug|Win32.Build.0 = Debug|Win32
		{7F66837A-3365-48EC-B937-67D8597B0102}.Debug|x64.ActiveCfg = Debug|x64
		{7F66837A-3365-48EC-B937-67D8597B0102}.Debug|x64.Build.0 = Debug|x64
		{7F66837A-3365-48EC-B937-67D8597B0102}.Release|Win32.ActiveCfg = Release|Win32
		{7F66837A-3365-48EC-B937-67D8597B0102}.Release|Win32.Build.0 = Release|Win32
		{7F66837A-3365-48EC-B937-67D8597B0102}.Release|x64.ActiveCfg = Release|x64
		{7F66837A-3365-48EC-B937-67D8597B0102}.Release|x64.Build.0 = Release|x64
		{5F85E790-57BE-4084-A4C4-E26BE3B29469}.Debug|Win32.ActiveCfg = Debug|Win32
		{5F85E790-57BE-4084-A4C4-E26BE3B29469}.Debug|Win32.Build.0 = Debug|Win32
		{5F85E790-57BE-4084-A4C4-E26BE3B29469}.Debug|x64.ActiveCfg = Debug|x64
		{5F85E790-57BE-4084-A4C4-E26BE3B29469}.Debug|x64.Build.0 = Debug|x64
		{5F85E790-57BE-4084-A4C4-E26BE3B29469}.Release|Win32.ActiveCfg = Release|Win32
		{5F85E790-57BE-4084-A4C4-E26BE3B29469}.Release|Win32.Build.0 = Release|Win32
		{5F85E790-57BE-4084-A4C4-E26BE3B29469}.Release|x64.ActiveCfg = Release|x64
		{5F85E790-57BE-4084-A4C4-E26BE3B29469}.Release|x64.Build.0 = Release|x64
	EndGlobalSection
	GlobalSection(SolutionProperties) = preSolution
		HideSolutionNode = FALSE
	EndGlobalSection
	GlobalSection(ExtensibilityGlobals) = postSolution
		SolutionGuid = {645111DC-43FA-4AF5-A4BF-FF5B9C5EB727}
	EndGlobalSection
EndGlobal
