<?xml version="1.0" encoding="utf-8"?>
<Project ToolsVersion="4.0" xmlns="http://schemas.microsoft.com/developer/msbuild/2003">
  <ItemGroup>
    <ClCompile Include="dllmain.cpp" />
    <ClCompile Include="stdafx.cpp" />
    <ClCompile Include="FlightModel.cpp">
      <Filter>A4-Skyhawk</Filter>
    </ClCompile>
    <ClCompile Include="Skyhawk.cpp" />
    <ClCompile Include="Airframe.cpp">
      <Filter>A4-Skyhawk</Filter>
    </ClCompile>
    <ClCompile Include="Avionics.cpp">
      <Filter>A4-Skyhawk</Filter>
    </ClCompile>
    <ClCompile Include="Engine2.cpp">
      <Filter>A4-Skyhawk</Filter>
    </ClCompile>
    <ClCompile Include="Safe.cpp">
      <Filter>A4-Skyhawk</Filter>
    </ClCompile>
    <ClCompile Include="AeroElement.cpp" />
    <ClCompile Include="Maths.cpp">
      <Filter>A4-Skyhawk</Filter>
    </ClCompile>
    <ClCompile Include="AircraftState.cpp">
      <Filter>A4-Skyhawk</Filter>
    </ClCompile>
    <ClCompile Include="Input.cpp">
      <Filter>A4-Skyhawk</Filter>
    </ClCompile>
    <ClCompile Include="Actuator.cpp" />
  </ItemGroup>
  <ItemGroup>
    <ClInclude Include="ED_FM_Utility.h" />
    <ClInclude Include="stdafx.h" />
    <ClInclude Include="targetver.h" />
    <ClInclude Include="FlightModel.h">
      <Filter>A4-Skyhawk</Filter>
    </ClInclude>
    <ClInclude Include="Skyhawk.h" />
    <ClInclude Include="ED_FM_API.h" />
    <ClInclude Include="Input.h">
      <Filter>A4-Skyhawk</Filter>
    </ClInclude>
    <ClInclude Include="Vec3.h">
      <Filter>Utility</Filter>
    </ClInclude>
    <ClInclude Include="Table.h">
      <Filter>Utility</Filter>
    </ClInclude>
    <ClInclude Include="..\include\Cockpit\ccParametersAPI.h">
      <Filter>include\Cockpit</Filter>
    </ClInclude>
    <ClInclude Include="..\include\FM\wHumanCustomPhysicsAPI.h">
      <Filter>include\FM</Filter>
    </ClInclude>
    <ClInclude Include="..\include\FM\wHumanCustomPhysicsAPI_ImplementationDeclare.h">
      <Filter>include\FM</Filter>
    </ClInclude>
    <ClInclude Include="Airframe.h">
      <Filter>A4-Skyhawk</Filter>
    </ClInclude>
    <ClInclude Include="Avionics.h">
      <Filter>A4-Skyhawk</Filter>
    </ClInclude>
    <ClInclude Include="Interface.h">
      <Filter>A4-Skyhawk</Filter>
    </ClInclude>
    <ClInclude Include="Globals.h" />
    <ClInclude Include="Data.h">
      <Filter>A4-Skyhawk</Filter>
    </ClInclude>
    <ClInclude Include="Engine2.h">
      <Filter>A4-Skyhawk</Filter>
    </ClInclude>
    <ClInclude Include="AtmosphereState.h">
      <Filter>A4-Skyhawk</Filter>
    </ClInclude>
    <ClInclude Include="Hashes.h">
      <Filter>A4-Skyhawk</Filter>
    </ClInclude>
    <ClInclude Include="BaseComponent.h">
      <Filter>A4-Skyhawk</Filter>
    </ClInclude>
    <ClInclude Include="AeroElement.h" />
    <ClInclude Include="Maths.h">
      <Filter>A4-Skyhawk</Filter>
    </ClInclude>
    <ClInclude Include="AircraftState.h">
      <Filter>A4-Skyhawk</Filter>
    </ClInclude>
    <ClInclude Include="Actuator.h" />
  </ItemGroup>
  <ItemGroup>
    <None Include="ReadMe.txt" />
  </ItemGroup>
  <ItemGroup>
    <Filter Include="A4-Skyhawk">
      <UniqueIdentifier>{fd3df29c-095d-45fc-a6c4-5960e0b74eab}</UniqueIdentifier>
    </Filter>
    <Filter Include="Environment">
      <UniqueIdentifier>{765b9384-2ffa-425d-8dc4-734cd74a8333}</UniqueIdentifier>
    </Filter>
    <Filter Include="Utility">
      <UniqueIdentifier>{f7759748-e5bc-4651-b7fe-14a59a53a86f}</UniqueIdentifier>
    </Filter>
    <Filter Include="include">
      <UniqueIdentifier>{7f5002ca-b89a-4122-aa8c-c70123c42f33}</UniqueIdentifier>
    </Filter>
    <Filter Include="include\Cockpit">
      <UniqueIdentifier>{53ade45d-66fd-4b7a-ac67-1c2ba2d1fb37}</UniqueIdentifier>
    </Filter>
    <Filter Include="include\FM">
      <UniqueIdentifier>{ebceb1d7-3713-46b0-bb34-91067244d0b2}</UniqueIdentifier>
    </Filter>
  </ItemGroup>
  <ItemGroup>
    <MASM Include="RCX_Hack.asm">
      <Filter>A4-Skyhawk</Filter>
    </MASM>
  </ItemGroup>
</Project>