<?xml version="1.0" encoding="utf-8"?>
<Project ToolsVersion="4.0" xmlns="http://schemas.microsoft.com/developer/msbuild/2003">
  <ItemGroup>
    <ClCompile Include="dllmain.cpp" />
    <ClCompile Include="stdafx.cpp" />
    <ClCompile Include="Avionics.cpp">
      <Filter>A4-Skyhawk</Filter>
    </ClCompile>
    <ClCompile Include="Safe.cpp">
      <Filter>A4-Skyhawk</Filter>
    </ClCompile>
    <ClCompile Include="Input.cpp">
      <Filter>A4-Skyhawk</Filter>
    </ClCompile>
    <ClCompile Include="Maths.cpp">
      <Filter>Utility</Filter>
    </ClCompile>
    <ClCompile Include="Axis.cpp">
      <Filter>A4-Skyhawk</Filter>
    </ClCompile>
    <ClCompile Include="Timer.cpp">
      <Filter>A4-Skyhawk</Filter>
    </ClCompile>
    <ClCompile Include="Shake.cpp">
      <Filter>A4-Skyhawk</Filter>
    </ClCompile>
    <ClCompile Include="Scooter.cpp">
      <Filter>A4-Skyhawk</Filter>
    </ClCompile>
    <ClCompile Include="LuaVM.cpp">
      <Filter>A4-Skyhawk</Filter>
    </ClCompile>
    <ClCompile Include="ILS.cpp">
      <Filter>A4-Skyhawk</Filter>
    </ClCompile>
    <ClCompile Include="Actuator.cpp">
      <Filter>A4-Skyhawk\Airframe</Filter>
    </ClCompile>
    <ClCompile Include="Airframe.cpp">
      <Filter>A4-Skyhawk\Airframe</Filter>
    </ClCompile>
    <ClCompile Include="FlightModel.cpp">
      <Filter>A4-Skyhawk\FlightModel</Filter>
    </ClCompile>
    <ClCompile Include="AeroElement.cpp">
      <Filter>A4-Skyhawk\FlightModel</Filter>
    </ClCompile>
    <ClCompile Include="AircraftState.cpp">
      <Filter>A4-Skyhawk\FlightModel</Filter>
    </ClCompile>
    <ClCompile Include="AirDataComputer.cpp">
      <Filter>A4-Skyhawk\Avionics</Filter>
    </ClCompile>
    <ClCompile Include="CP741.cpp">
      <Filter>A4-Skyhawk\Avionics</Filter>
    </ClCompile>
    <ClCompile Include="FuelSystem2.cpp">
      <Filter>A4-Skyhawk\Systems</Filter>
    </ClCompile>
    <ClCompile Include="Engine2.cpp">
      <Filter>A4-Skyhawk\Systems</Filter>
    </ClCompile>
    <ClCompile Include="Radar.cpp">
      <Filter>A4-Skyhawk\Avionics</Filter>
    </ClCompile>
    <ClCompile Include="RadarScope.cpp">
      <Filter>A4-Skyhawk\Avionics</Filter>
    </ClCompile>
    <ClCompile Include="Logger.cpp">
      <Filter>A4-Skyhawk</Filter>
    </ClCompile>
    <ClCompile Include="Hydraulics.cpp">
      <Filter>A4-Skyhawk\Systems</Filter>
    </ClCompile>
    <ClCompile Include="Damage.cpp">
      <Filter>A4-Skyhawk</Filter>
    </ClCompile>
  </ItemGroup>
  <ItemGroup>
    <ClInclude Include="ED_FM_Utility.h" />
    <ClInclude Include="stdafx.h" />
    <ClInclude Include="targetver.h" />
    <ClInclude Include="ED_FM_API.h" />
    <ClInclude Include="Input.h">
      <Filter>A4-Skyhawk</Filter>
    </ClInclude>
    <ClInclude Include="Vec3.h">
      <Filter>Utility</Filter>
    </ClInclude>
    <ClInclude Include="Table.h">
      <Filter>Utility</Filter>
    </ClInclude>
    <ClInclude Include="..\include\Cockpit\ccParametersAPI.h">
      <Filter>include\Cockpit</Filter>
    </ClInclude>
    <ClInclude Include="..\include\FM\wHumanCustomPhysicsAPI.h">
      <Filter>include\FM</Filter>
    </ClInclude>
    <ClInclude Include="..\include\FM\wHumanCustomPhysicsAPI_ImplementationDeclare.h">
      <Filter>include\FM</Filter>
    </ClInclude>
    <ClInclude Include="Interface.h">
      <Filter>A4-Skyhawk</Filter>
    </ClInclude>
    <ClInclude Include="Globals.h" />
    <ClInclude Include="Data.h">
      <Filter>A4-Skyhawk</Filter>
    </ClInclude>
    <ClInclude Include="AtmosphereState.h">
      <Filter>A4-Skyhawk</Filter>
    </ClInclude>
    <ClInclude Include="Hashes.h">
      <Filter>A4-Skyhawk</Filter>
    </ClInclude>
    <ClInclude Include="BaseComponent.h">
      <Filter>A4-Skyhawk</Filter>
    </ClInclude>
    <ClInclude Include="Maths.h">
      <Filter>Utility</Filter>
    </ClInclude>
    <ClInclude Include="Axis.h">
      <Filter>A4-Skyhawk</Filter>
    </ClInclude>
    <ClInclude Include="Timer.h">
      <Filter>A4-Skyhawk</Filter>
    </ClInclude>
    <ClInclude Include="Scooter.h">
      <Filter>A4-Skyhawk</Filter>
    </ClInclude>
    <ClInclude Include="LuaVM.h">
      <Filter>A4-Skyhawk</Filter>
    </ClInclude>
    <ClInclude Include="LERX.h">
      <Filter>A4-Skyhawk</Filter>
    </ClInclude>
    <ClInclude Include="Commands.h">
      <Filter>A4-Skyhawk</Filter>
    </ClInclude>
    <ClInclude Include="Tacan.h">
      <Filter>A4-Skyhawk</Filter>
    </ClInclude>
    <ClInclude Include="ILS.h">
      <Filter>A4-Skyhawk</Filter>
    </ClInclude>
    <ClInclude Include="Sidewinder.h">
      <Filter>A4-Skyhawk</Filter>
    </ClInclude>
    <ClInclude Include="cockpit_base_api.h">
      <Filter>Utility</Filter>
    </ClInclude>
    <ClInclude Include="Devices.h">
      <Filter>A4-Skyhawk</Filter>
    </ClInclude>
    <ClInclude Include="..\..\..\..\..\..\..\source\repos\Scooter_Hacks\ObjectFinder.h">
      <Filter>A4-Skyhawk</Filter>
    </ClInclude>
    <ClInclude Include="SmoothVary.h">
      <Filter>A4-Skyhawk</Filter>
    </ClInclude>
    <ClInclude Include="Units.h" />
    <ClInclude Include="MovingAverage.h">
      <Filter>Utility</Filter>
    </ClInclude>
    <ClInclude Include="Ship.h">
      <Filter>A4-Skyhawk</Filter>
    </ClInclude>
    <ClInclude Include="ShipFinder.h">
      <Filter>A4-Skyhawk</Filter>
    </ClInclude>
    <ClInclude Include="Actuator.h">
      <Filter>A4-Skyhawk\Airframe</Filter>
    </ClInclude>
    <ClInclude Include="Airframe.h">
      <Filter>A4-Skyhawk\Airframe</Filter>
    </ClInclude>
    <ClInclude Include="FlightModel.h">
      <Filter>A4-Skyhawk\FlightModel</Filter>
    </ClInclude>
    <ClInclude Include="AeroElement.h">
      <Filter>A4-Skyhawk\FlightModel</Filter>
    </ClInclude>
    <ClInclude Include="AircraftState.h">
      <Filter>A4-Skyhawk\FlightModel</Filter>
    </ClInclude>
    <ClInclude Include="AirDataComputer.h">
      <Filter>A4-Skyhawk\Avionics</Filter>
    </ClInclude>
    <ClInclude Include="Avionics.h">
      <Filter>A4-Skyhawk\Avionics</Filter>
    </ClInclude>
    <ClInclude Include="CP741.h">
      <Filter>A4-Skyhawk\Avionics</Filter>
    </ClInclude>
    <ClInclude Include="Engine2.h">
      <Filter>A4-Skyhawk\Systems</Filter>
    </ClInclude>
    <ClInclude Include="FuelSystem2.h">
      <Filter>A4-Skyhawk\Systems</Filter>
    </ClInclude>
    <ClInclude Include="Radar.h">
      <Filter>A4-Skyhawk\Avionics</Filter>
    </ClInclude>
    <ClInclude Include="RadarScope.h">
      <Filter>A4-Skyhawk\Avionics</Filter>
    </ClInclude>
    <ClInclude Include="Logger.h">
      <Filter>A4-Skyhawk</Filter>
    </ClInclude>
    <ClInclude Include="Asteroids.h">
      <Filter>A4-Skyhawk\Avionics</Filter>
    </ClInclude>
    <ClInclude Include="MouseControl.h">
      <Filter>A4-Skyhawk</Filter>
    </ClInclude>
    <ClInclude Include="ModifierEmitter.h">
      <Filter>A4-Skyhawk</Filter>
    </ClInclude>
    <ClInclude Include="AirframeConstants.h">
      <Filter>A4-Skyhawk</Filter>
    </ClInclude>
    <ClInclude Include="Hydraulics.h">
      <Filter>A4-Skyhawk\Systems</Filter>
    </ClInclude>
    <ClInclude Include="Damage.h">
      <Filter>A4-Skyhawk</Filter>
    </ClInclude>
    <ClInclude Include="DamageCells.h">
      <Filter>A4-Skyhawk\Airframe</Filter>
    </ClInclude>
  </ItemGroup>
  <ItemGroup>
    <None Include="ReadMe.txt" />
  </ItemGroup>
  <ItemGroup>
    <Filter Include="A4-Skyhawk">
      <UniqueIdentifier>{fd3df29c-095d-45fc-a6c4-5960e0b74eab}</UniqueIdentifier>
    </Filter>
    <Filter Include="Environment">
      <UniqueIdentifier>{765b9384-2ffa-425d-8dc4-734cd74a8333}</UniqueIdentifier>
    </Filter>
    <Filter Include="Utility">
      <UniqueIdentifier>{f7759748-e5bc-4651-b7fe-14a59a53a86f}</UniqueIdentifier>
    </Filter>
    <Filter Include="include">
      <UniqueIdentifier>{7f5002ca-b89a-4122-aa8c-c70123c42f33}</UniqueIdentifier>
    </Filter>
    <Filter Include="include\Cockpit">
      <UniqueIdentifier>{53ade45d-66fd-4b7a-ac67-1c2ba2d1fb37}</UniqueIdentifier>
    </Filter>
    <Filter Include="include\FM">
      <UniqueIdentifier>{ebceb1d7-3713-46b0-bb34-91067244d0b2}</UniqueIdentifier>
    </Filter>
    <Filter Include="A4-Skyhawk\Airframe">
      <UniqueIdentifier>{51aeb3b5-db0d-460b-85f2-44e34d4466de}</UniqueIdentifier>
    </Filter>
    <Filter Include="A4-Skyhawk\FlightModel">
      <UniqueIdentifier>{3b289e04-a846-4d09-a07b-6a622f069848}</UniqueIdentifier>
    </Filter>
    <Filter Include="A4-Skyhawk\Avionics">
      <UniqueIdentifier>{ef75daa6-bdfd-4ab9-9309-fa61c05ccc8d}</UniqueIdentifier>
    </Filter>
    <Filter Include="A4-Skyhawk\Systems">
      <UniqueIdentifier>{ab681846-4182-4026-8d15-699a40af0143}</UniqueIdentifier>
    </Filter>
  </ItemGroup>
  <ItemGroup>
    <MASM Include="assembly.asm">
      <Filter>A4-Skyhawk</Filter>
    </MASM>
  </ItemGroup>
</Project>